
Microsoft Visual Studio Solution File, Format Version 12.00
# Visual Studio Version 17
VisualStudioVersion = 17.0.31912.275
MinimumVisualStudioVersion = 10.0.40219.1
Project("{9A19103F-16F7-4668-BE54-9A1E7A4F7556}") = "walkwards-api", "walkwards-api\walkwards-api.csproj", "{F2A1E600-836D-4C2B-BA79-D5CB213CFB8B}"
EndProject
Project("{FAE04EC0-301F-11D3-BF4B-00C04F79EFBC}") = "walkwards-api-tests", "walkwards-api-tests\walkwards-api-tests.csproj", "{C6152184-FC8C-4D26-A6B4-8677029B3C7B}"
EndProject
Global
	GlobalSection(SolutionConfigurationPlatforms) = preSolution
		Debug|Any CPU = Debug|Any CPU
		Release|Any CPU = Release|Any CPU
	EndGlobalSection
	GlobalSection(ProjectConfigurationPlatforms) = postSolution
		{F2A1E600-836D-4C2B-BA79-D5CB213CFB8B}.Debug|Any CPU.ActiveCfg = Debug|Any CPU
		{F2A1E600-836D-4C2B-BA79-D5CB213CFB8B}.Debug|Any CPU.Build.0 = Debug|Any CPU
		{F2A1E600-836D-4C2B-BA79-D5CB213CFB8B}.Release|Any CPU.ActiveCfg = Release|Any CPU
		{F2A1E600-836D-4C2B-BA79-D5CB213CFB8B}.Release|Any CPU.Build.0 = Release|Any CPU
		{C6152184-FC8C-4D26-A6B4-8677029B3C7B}.Debug|Any CPU.ActiveCfg = Debug|Any CPU
		{C6152184-FC8C-4D26-A6B4-8677029B3C7B}.Debug|Any CPU.Build.0 = Debug|Any CPU
		{C6152184-FC8C-4D26-A6B4-8677029B3C7B}.Release|Any CPU.ActiveCfg = Release|Any CPU
		{C6152184-FC8C-4D26-A6B4-8677029B3C7B}.Release|Any CPU.Build.0 = Release|Any CPU
	EndGlobalSection
	GlobalSection(SolutionProperties) = preSolution
		HideSolutionNode = FALSE
	EndGlobalSection
	GlobalSection(ExtensibilityGlobals) = postSolution
		SolutionGuid = {1F231D29-05FD-43DD-A160-8B5DE6BB318F}
	EndGlobalSection
EndGlobal
